
Microsoft Visual Studio Solution File, Format Version 12.00
# Visual Studio Version 16
VisualStudioVersion = 16.0.32428.217
MinimumVisualStudioVersion = 10.0.40219.1
Project("{FAE04EC0-301F-11D3-BF4B-00C04F79EFBC}") = "Factory_DesignPattern", "Design Pattern\Factory_DesignPattern.csproj", "{3C715EFB-111B-46FE-A53B-420411C06C9B}"
EndProject
Project("{FAE04EC0-301F-11D3-BF4B-00C04F79EFBC}") = "Abstract_DesignPattern", "Abstract_DesignPattern\Abstract_DesignPattern.csproj", "{555809A0-233D-437B-AE8C-9D8B6F9B0F33}"
EndProject
Project("{FAE04EC0-301F-11D3-BF4B-00C04F79EFBC}") = "Singleton_DesignPattern", "Singleton_DesignPattern\Singleton_DesignPattern.csproj", "{F39681AB-57CE-4E36-A087-9E706FD3C747}"
EndProject
Global
	GlobalSection(SolutionConfigurationPlatforms) = preSolution
		Debug|Any CPU = Debug|Any CPU
		Release|Any CPU = Release|Any CPU
	EndGlobalSection
	GlobalSection(ProjectConfigurationPlatforms) = postSolution
		{3C715EFB-111B-46FE-A53B-420411C06C9B}.Debug|Any CPU.ActiveCfg = Debug|Any CPU
		{3C715EFB-111B-46FE-A53B-420411C06C9B}.Debug|Any CPU.Build.0 = Debug|Any CPU
		{3C715EFB-111B-46FE-A53B-420411C06C9B}.Release|Any CPU.ActiveCfg = Release|Any CPU
		{3C715EFB-111B-46FE-A53B-420411C06C9B}.Release|Any CPU.Build.0 = Release|Any CPU
		{555809A0-233D-437B-AE8C-9D8B6F9B0F33}.Debug|Any CPU.ActiveCfg = Debug|Any CPU
		{555809A0-233D-437B-AE8C-9D8B6F9B0F33}.Debug|Any CPU.Build.0 = Debug|Any CPU
		{555809A0-233D-437B-AE8C-9D8B6F9B0F33}.Release|Any CPU.ActiveCfg = Release|Any CPU
		{555809A0-233D-437B-AE8C-9D8B6F9B0F33}.Release|Any CPU.Build.0 = Release|Any CPU
		{F39681AB-57CE-4E36-A087-9E706FD3C747}.Debug|Any CPU.ActiveCfg = Debug|Any CPU
		{F39681AB-57CE-4E36-A087-9E706FD3C747}.Debug|Any CPU.Build.0 = Debug|Any CPU
		{F39681AB-57CE-4E36-A087-9E706FD3C747}.Release|Any CPU.ActiveCfg = Release|Any CPU
		{F39681AB-57CE-4E36-A087-9E706FD3C747}.Release|Any CPU.Build.0 = Release|Any CPU
	EndGlobalSection
	GlobalSection(SolutionProperties) = preSolution
		HideSolutionNode = FALSE
	EndGlobalSection
	GlobalSection(ExtensibilityGlobals) = postSolution
		SolutionGuid = {0AA6E317-5679-4895-9E98-92179425DAA9}
	EndGlobalSection
EndGlobal
